{
    "name": "verilogams-support-package",
    "version": "0.0.1",
    "lockfileVersion": 3,
    "requires": true,
    "packages": {
        "": {
            "name": "verilogams-support-package",
            "version": "0.0.1",
            "license": "GPL-3.0-only",
            "dependencies": {
                "@types/node": "^16.18.86",
                "@types/vscode": "^1.87.0"
            },
            "engines": {
                "vscode": "^1.43.0"
            }
        },
        "node_modules/@types/node": {
            "version": "16.18.86",
            "resolved": "https://registry.npmjs.org/@types/node/-/node-16.18.86.tgz",
            "integrity": "sha512-QMvdZf+ZTSiv7gspwhqbfB7Y5DmbYgCsUnakS8Ul9uRbJQehDKaM7SL+GbcDS003Lh7VK4YlelHsRm9HCv26eA=="
        },
        "node_modules/@types/vscode": {
            "version": "1.87.0",
            "resolved": "https://registry.npmjs.org/@types/vscode/-/vscode-1.87.0.tgz",
            "integrity": "sha512-y3yYJV2esWr8LNjp3VNbSMWG7Y43jC8pCldG8YwiHGAQbsymkkMMt0aDT1xZIOFM2eFcNiUc+dJMx1+Z0UT8fg=="
        }
    }
}
